
Microsoft Visual Studio Solution File, Format Version 12.00
# Visual Studio Version 16
VisualStudioVersion = 16.0.30523.141
MinimumVisualStudioVersion = 10.0.40219.1
Project("{FAE04EC0-301F-11D3-BF4B-00C04F79EFBC}") = "Frizerski Salon", "Frizerski Salon\Frizerski Salon.csproj", "{7F99B288-2E10-4C93-B608-2F1770265CBE}"
EndProject
Global
	GlobalSection(SolutionConfigurationPlatforms) = preSolution
		Debug|Any CPU = Debug|Any CPU
		Release|Any CPU = Release|Any CPU
	EndGlobalSection
	GlobalSection(ProjectConfigurationPlatforms) = postSolution
		{7F99B288-2E10-4C93-B608-2F1770265CBE}.Debug|Any CPU.ActiveCfg = Debug|Any CPU
		{7F99B288-2E10-4C93-B608-2F1770265CBE}.Debug|Any CPU.Build.0 = Debug|Any CPU
		{7F99B288-2E10-4C93-B608-2F1770265CBE}.Release|Any CPU.ActiveCfg = Release|Any CPU
		{7F99B288-2E10-4C93-B608-2F1770265CBE}.Release|Any CPU.Build.0 = Release|Any CPU
	EndGlobalSection
	GlobalSection(SolutionProperties) = preSolution
		HideSolutionNode = FALSE
	EndGlobalSection
	GlobalSection(ExtensibilityGlobals) = postSolution
		SolutionGuid = {DEE1BB03-C2C5-45EB-82C4-C13ED6418001}
	EndGlobalSection
EndGlobal
